
Microsoft Visual Studio Solution File, Format Version 12.00
Project("{FAE04EC0-301F-11D3-BF4B-00C04F79EFBC}") = "ASPNet.API", "ASPNet.API\ASPNet.API.csproj", "{83FBFB25-D6CC-4D72-9EC1-96743B4F64ED}"
EndProject
Project("{FAE04EC0-301F-11D3-BF4B-00C04F79EFBC}") = "ASPNet.UI", "ASPNet.UI\ASPNet.UI.csproj", "{84D78DDF-E85B-4189-8B5E-C04A8A2A7D81}"
EndProject
Global
	GlobalSection(SolutionConfigurationPlatforms) = preSolution
		Debug|Any CPU = Debug|Any CPU
		Release|Any CPU = Release|Any CPU
	EndGlobalSection
	GlobalSection(ProjectConfigurationPlatforms) = postSolution
		{83FBFB25-D6CC-4D72-9EC1-96743B4F64ED}.Debug|Any CPU.ActiveCfg = Debug|Any CPU
		{83FBFB25-D6CC-4D72-9EC1-96743B4F64ED}.Debug|Any CPU.Build.0 = Debug|Any CPU
		{83FBFB25-D6CC-4D72-9EC1-96743B4F64ED}.Release|Any CPU.ActiveCfg = Release|Any CPU
		{83FBFB25-D6CC-4D72-9EC1-96743B4F64ED}.Release|Any CPU.Build.0 = Release|Any CPU
		{84D78DDF-E85B-4189-8B5E-C04A8A2A7D81}.Debug|Any CPU.ActiveCfg = Debug|Any CPU
		{84D78DDF-E85B-4189-8B5E-C04A8A2A7D81}.Debug|Any CPU.Build.0 = Debug|Any CPU
		{84D78DDF-E85B-4189-8B5E-C04A8A2A7D81}.Release|Any CPU.ActiveCfg = Release|Any CPU
		{84D78DDF-E85B-4189-8B5E-C04A8A2A7D81}.Release|Any CPU.Build.0 = Release|Any CPU
	EndGlobalSection
EndGlobal
